
Microsoft Visual Studio Solution File, Format Version 12.00
# Visual Studio Version 16
VisualStudioVersion = 16.0.31410.223
MinimumVisualStudioVersion = 10.0.40219.1
Project("{FAE04EC0-301F-11D3-BF4B-00C04F79EFBC}") = "BlockingCollectionDemo", "BlockingCollectionDemo.csproj", "{127FC356-01CD-4B93-BB89-0414D6F3D071}"
EndProject
Global
	GlobalSection(SolutionConfigurationPlatforms) = preSolution
		Debug|Any CPU = Debug|Any CPU
		Release|Any CPU = Release|Any CPU
	EndGlobalSection
	GlobalSection(ProjectConfigurationPlatforms) = postSolution
		{127FC356-01CD-4B93-BB89-0414D6F3D071}.Debug|Any CPU.ActiveCfg = Debug|Any CPU
		{127FC356-01CD-4B93-BB89-0414D6F3D071}.Debug|Any CPU.Build.0 = Debug|Any CPU
		{127FC356-01CD-4B93-BB89-0414D6F3D071}.Release|Any CPU.ActiveCfg = Release|Any CPU
		{127FC356-01CD-4B93-BB89-0414D6F3D071}.Release|Any CPU.Build.0 = Release|Any CPU
	EndGlobalSection
	GlobalSection(SolutionProperties) = preSolution
		HideSolutionNode = FALSE
	EndGlobalSection
	GlobalSection(ExtensibilityGlobals) = postSolution
		SolutionGuid = {346D3857-60CD-4DDF-9CE1-849A530F7066}
	EndGlobalSection
EndGlobal
